
Microsoft Visual Studio Solution File, Format Version 12.00
# Visual Studio Version 16
VisualStudioVersion = 16.0.30114.105
MinimumVisualStudioVersion = 10.0.40219.1
Project("{9A19103F-16F7-4668-BE54-9A1E7A4F7556}") = "docs", "docs.csproj", "{B6EC06B4-D7EA-46C0-BF20-DFC59A213250}"
EndProject
Global
	GlobalSection(SolutionConfigurationPlatforms) = preSolution
		Debug|Any CPU = Debug|Any CPU
		Release|Any CPU = Release|Any CPU
	EndGlobalSection
	GlobalSection(ProjectConfigurationPlatforms) = postSolution
		{B6EC06B4-D7EA-46C0-BF20-DFC59A213250}.Debug|Any CPU.ActiveCfg = Debug|Any CPU
		{B6EC06B4-D7EA-46C0-BF20-DFC59A213250}.Debug|Any CPU.Build.0 = Debug|Any CPU
		{B6EC06B4-D7EA-46C0-BF20-DFC59A213250}.Release|Any CPU.ActiveCfg = Release|Any CPU
		{B6EC06B4-D7EA-46C0-BF20-DFC59A213250}.Release|Any CPU.Build.0 = Release|Any CPU
	EndGlobalSection
	GlobalSection(SolutionProperties) = preSolution
		HideSolutionNode = FALSE
	EndGlobalSection
	GlobalSection(ExtensibilityGlobals) = postSolution
		SolutionGuid = {94A09891-FA4C-48F3-85AF-D6E7728A03FC}
	EndGlobalSection
EndGlobal
