
Microsoft Visual Studio Solution File, Format Version 12.00
# Visual Studio Version 17
VisualStudioVersion = 17.0.31710.8
MinimumVisualStudioVersion = 10.0.40219.1
Project("{2150E333-8FDC-42A3-9474-1A3956D46DE8}") = ".items", ".items", "{A5D7B605-02D8-468C-9BDF-864CF93B12F9}"
	ProjectSection(SolutionItems) = preProject
		.editorconfig = .editorconfig
		.gitattributes = .gitattributes
		.gitignore = .gitignore
		Directory.Build.props = Directory.Build.props
		global.json = global.json
		version.json = version.json
	EndProjectSection
EndProject
Project("{2150E333-8FDC-42A3-9474-1A3956D46DE8}") = "src", "src", "{9A2B3B34-D41C-43E8-BC7D-246BEBE48D59}"
	ProjectSection(SolutionItems) = preProject
		src\.editorconfig = src\.editorconfig
		src\Directory.Build.props = src\Directory.Build.props
	EndProjectSection
EndProject
Project("{2150E333-8FDC-42A3-9474-1A3956D46DE8}") = "tests", "tests", "{6EA09ED4-B714-4E6F-B0E1-4D987F8AE520}"
	ProjectSection(SolutionItems) = preProject
		tests\.editorconfig = tests\.editorconfig
		tests\Directory.Build.props = tests\Directory.Build.props
		tests\run-tests.ps1 = tests\run-tests.ps1
	EndProjectSection
EndProject
Project("{2150E333-8FDC-42A3-9474-1A3956D46DE8}") = ".text", ".text", "{392FCD4E-356A-412A-A854-8EE197EA65B9}"
	ProjectSection(SolutionItems) = preProject
		CHANGELOG.md = CHANGELOG.md
		README.md = README.md
	EndProjectSection
EndProject
Project("{9A19103F-16F7-4668-BE54-9A1E7A4F7556}") = "bunit.core.tests", "tests\bunit.core.tests\bunit.core.tests.csproj", "{3A1486BF-1029-4E5B-A79B-2D36C8152240}"
EndProject
Project("{9A19103F-16F7-4668-BE54-9A1E7A4F7556}") = "bunit", "src\bunit\bunit.csproj", "{1DA6EFDE-81A1-4324-A56C-40BEE14A75BA}"
EndProject
Project("{9A19103F-16F7-4668-BE54-9A1E7A4F7556}") = "bunit.core", "src\bunit.core\bunit.core.csproj", "{0C51D12D-A562-4229-B653-78B14960345C}"
EndProject
Project("{9A19103F-16F7-4668-BE54-9A1E7A4F7556}") = "bunit.web", "src\bunit.web\bunit.web.csproj", "{C91AE830-FFB5-49A9-A604-3F68B44EBCDC}"
EndProject
Project("{9A19103F-16F7-4668-BE54-9A1E7A4F7556}") = "bunit.template", "src\bunit.template\bunit.template.csproj", "{6127D121-9387-451B-B15D-8350A32D3001}"
EndProject
Project("{9A19103F-16F7-4668-BE54-9A1E7A4F7556}") = "bunit.web.tests", "tests\bunit.web.tests\bunit.web.tests.csproj", "{FC122F63-8B22-4BAE-B96A-7AF3194CD204}"
EndProject
Project("{9A19103F-16F7-4668-BE54-9A1E7A4F7556}") = "bunit.testassets", "tests\bunit.testassets\bunit.testassets.csproj", "{7972A80F-30DC-4EF4-9294-7D4DD2965882}"
EndProject
Project("{9A19103F-16F7-4668-BE54-9A1E7A4F7556}") = "bunit.web.testcomponents", "src\bunit.web.testcomponents\bunit.web.testcomponents.csproj", "{F61B8A55-3B5B-45FB-8E38-DBF9296B35C7}"
EndProject
Project("{9A19103F-16F7-4668-BE54-9A1E7A4F7556}") = "bunit.web.testcomponents.tests", "tests\bunit.web.testcomponents.tests\bunit.web.testcomponents.tests.csproj", "{4CAB561E-0AFF-4516-AB9B-981F94EF1E86}"
EndProject
Project("{2150E333-8FDC-42A3-9474-1A3956D46DE8}") = ".workflows", ".workflows", "{3B2F3419-5336-4147-A212-E19091195203}"
	ProjectSection(SolutionItems) = preProject
		.github\workflows\docs-deploy.yml = .github\workflows\docs-deploy.yml
		.github\workflows\prepare-release.yml = .github\workflows\prepare-release.yml
		.github\workflows\release-preview.yml = .github\workflows\release-preview.yml
		.github\workflows\release.yml = .github\workflows\release.yml
		.github\workflows\verification.yml = .github\workflows\verification.yml
	EndProjectSection
EndProject
Project("{FAE04EC0-301F-11D3-BF4B-00C04F79EFBC}") = "bunit.web.mock", "src\bunit.web.mock\bunit.web.mock.csproj", "{3B51665F-E515-498A-8A82-BDB623089F9D}"
EndProject
Project("{FAE04EC0-301F-11D3-BF4B-00C04F79EFBC}") = "bunit.web.mock.tests", "tests\bunit.web.mock.tests\bunit.web.mock.tests.csproj", "{050E57C2-C28F-4A9A-B35F-5725068AEF80}"
EndProject
Global
	GlobalSection(SolutionConfigurationPlatforms) = preSolution
		Debug|Any CPU = Debug|Any CPU
		Release|Any CPU = Release|Any CPU
	EndGlobalSection
	GlobalSection(ProjectConfigurationPlatforms) = postSolution
		{3A1486BF-1029-4E5B-A79B-2D36C8152240}.Debug|Any CPU.ActiveCfg = Debug|Any CPU
		{3A1486BF-1029-4E5B-A79B-2D36C8152240}.Debug|Any CPU.Build.0 = Debug|Any CPU
		{3A1486BF-1029-4E5B-A79B-2D36C8152240}.Release|Any CPU.ActiveCfg = Release|Any CPU
		{3A1486BF-1029-4E5B-A79B-2D36C8152240}.Release|Any CPU.Build.0 = Release|Any CPU
		{1DA6EFDE-81A1-4324-A56C-40BEE14A75BA}.Debug|Any CPU.ActiveCfg = Debug|Any CPU
		{1DA6EFDE-81A1-4324-A56C-40BEE14A75BA}.Release|Any CPU.ActiveCfg = Release|Any CPU
		{0C51D12D-A562-4229-B653-78B14960345C}.Debug|Any CPU.ActiveCfg = Debug|Any CPU
		{0C51D12D-A562-4229-B653-78B14960345C}.Debug|Any CPU.Build.0 = Debug|Any CPU
		{0C51D12D-A562-4229-B653-78B14960345C}.Release|Any CPU.ActiveCfg = Release|Any CPU
		{0C51D12D-A562-4229-B653-78B14960345C}.Release|Any CPU.Build.0 = Release|Any CPU
		{C91AE830-FFB5-49A9-A604-3F68B44EBCDC}.Debug|Any CPU.ActiveCfg = Debug|Any CPU
		{C91AE830-FFB5-49A9-A604-3F68B44EBCDC}.Debug|Any CPU.Build.0 = Debug|Any CPU
		{C91AE830-FFB5-49A9-A604-3F68B44EBCDC}.Release|Any CPU.ActiveCfg = Release|Any CPU
		{C91AE830-FFB5-49A9-A604-3F68B44EBCDC}.Release|Any CPU.Build.0 = Release|Any CPU
		{6127D121-9387-451B-B15D-8350A32D3001}.Debug|Any CPU.ActiveCfg = Debug|Any CPU
		{6127D121-9387-451B-B15D-8350A32D3001}.Release|Any CPU.ActiveCfg = Release|Any CPU
		{FC122F63-8B22-4BAE-B96A-7AF3194CD204}.Debug|Any CPU.ActiveCfg = Debug|Any CPU
		{FC122F63-8B22-4BAE-B96A-7AF3194CD204}.Debug|Any CPU.Build.0 = Debug|Any CPU
		{FC122F63-8B22-4BAE-B96A-7AF3194CD204}.Release|Any CPU.ActiveCfg = Release|Any CPU
		{FC122F63-8B22-4BAE-B96A-7AF3194CD204}.Release|Any CPU.Build.0 = Release|Any CPU
		{7972A80F-30DC-4EF4-9294-7D4DD2965882}.Debug|Any CPU.ActiveCfg = Debug|Any CPU
		{7972A80F-30DC-4EF4-9294-7D4DD2965882}.Debug|Any CPU.Build.0 = Debug|Any CPU
		{7972A80F-30DC-4EF4-9294-7D4DD2965882}.Release|Any CPU.ActiveCfg = Release|Any CPU
		{7972A80F-30DC-4EF4-9294-7D4DD2965882}.Release|Any CPU.Build.0 = Release|Any CPU
		{F61B8A55-3B5B-45FB-8E38-DBF9296B35C7}.Debug|Any CPU.ActiveCfg = Debug|Any CPU
		{F61B8A55-3B5B-45FB-8E38-DBF9296B35C7}.Debug|Any CPU.Build.0 = Debug|Any CPU
		{F61B8A55-3B5B-45FB-8E38-DBF9296B35C7}.Release|Any CPU.ActiveCfg = Release|Any CPU
		{F61B8A55-3B5B-45FB-8E38-DBF9296B35C7}.Release|Any CPU.Build.0 = Release|Any CPU
		{4CAB561E-0AFF-4516-AB9B-981F94EF1E86}.Debug|Any CPU.ActiveCfg = Debug|Any CPU
		{4CAB561E-0AFF-4516-AB9B-981F94EF1E86}.Debug|Any CPU.Build.0 = Debug|Any CPU
		{4CAB561E-0AFF-4516-AB9B-981F94EF1E86}.Release|Any CPU.ActiveCfg = Release|Any CPU
		{4CAB561E-0AFF-4516-AB9B-981F94EF1E86}.Release|Any CPU.Build.0 = Release|Any CPU
		{3B51665F-E515-498A-8A82-BDB623089F9D}.Debug|Any CPU.ActiveCfg = Debug|Any CPU
		{3B51665F-E515-498A-8A82-BDB623089F9D}.Debug|Any CPU.Build.0 = Debug|Any CPU
		{3B51665F-E515-498A-8A82-BDB623089F9D}.Release|Any CPU.ActiveCfg = Release|Any CPU
		{3B51665F-E515-498A-8A82-BDB623089F9D}.Release|Any CPU.Build.0 = Release|Any CPU
		{050E57C2-C28F-4A9A-B35F-5725068AEF80}.Debug|Any CPU.ActiveCfg = Debug|Any CPU
		{050E57C2-C28F-4A9A-B35F-5725068AEF80}.Debug|Any CPU.Build.0 = Debug|Any CPU
		{050E57C2-C28F-4A9A-B35F-5725068AEF80}.Release|Any CPU.ActiveCfg = Release|Any CPU
		{050E57C2-C28F-4A9A-B35F-5725068AEF80}.Release|Any CPU.Build.0 = Release|Any CPU
	EndGlobalSection
	GlobalSection(SolutionProperties) = preSolution
		HideSolutionNode = FALSE
	EndGlobalSection
	GlobalSection(NestedProjects) = preSolution
		{3A1486BF-1029-4E5B-A79B-2D36C8152240} = {6EA09ED4-B714-4E6F-B0E1-4D987F8AE520}
		{1DA6EFDE-81A1-4324-A56C-40BEE14A75BA} = {9A2B3B34-D41C-43E8-BC7D-246BEBE48D59}
		{0C51D12D-A562-4229-B653-78B14960345C} = {9A2B3B34-D41C-43E8-BC7D-246BEBE48D59}
		{C91AE830-FFB5-49A9-A604-3F68B44EBCDC} = {9A2B3B34-D41C-43E8-BC7D-246BEBE48D59}
		{6127D121-9387-451B-B15D-8350A32D3001} = {9A2B3B34-D41C-43E8-BC7D-246BEBE48D59}
		{FC122F63-8B22-4BAE-B96A-7AF3194CD204} = {6EA09ED4-B714-4E6F-B0E1-4D987F8AE520}
		{7972A80F-30DC-4EF4-9294-7D4DD2965882} = {6EA09ED4-B714-4E6F-B0E1-4D987F8AE520}
		{F61B8A55-3B5B-45FB-8E38-DBF9296B35C7} = {9A2B3B34-D41C-43E8-BC7D-246BEBE48D59}
		{4CAB561E-0AFF-4516-AB9B-981F94EF1E86} = {6EA09ED4-B714-4E6F-B0E1-4D987F8AE520}
		{3B51665F-E515-498A-8A82-BDB623089F9D} = {9A2B3B34-D41C-43E8-BC7D-246BEBE48D59}
		{050E57C2-C28F-4A9A-B35F-5725068AEF80} = {6EA09ED4-B714-4E6F-B0E1-4D987F8AE520}
	EndGlobalSection
	GlobalSection(ExtensibilityGlobals) = postSolution
		SolutionGuid = {24106918-1C86-4769-BDA6-9C80E64CD260}
	EndGlobalSection
EndGlobal
