{
  "version": 1,
  "dependencies": {
    ".NETStandard,Version=v2.1": {
      "AsyncFixer": {
        "type": "Direct",
        "requested": "[1.6.0, )",
        "resolved": "1.6.0",
        "contentHash": "/Xfs9H3UMfEv64cwT+C/JrTRp4w08BmPuFbj0ageadCHpx6rxYJxAU2C6sEqRFG22xmGk5cX9ewzoiiehWVHOw=="
      },
      "Meziantou.Analyzer": {
        "type": "Direct",
        "requested": "[1.0.702, )",
        "resolved": "1.0.702",
        "contentHash": "NuteVMqo6ygRNujU8/RrWahPIPm+kGopmYkROvNaEe5Lw/wfJMcUyrZlIaI0cmA4QDeKdmACjQbP41bXRGNy9w=="
      },
      "Microsoft.AspNetCore.Components": {
        "type": "Direct",
        "requested": "[3.1.22, )",
        "resolved": "3.1.22",
        "contentHash": "RNvzQewK9esGhsymdJKnyMo90jr+U/l2Czk3ogS0Rwj1byWohhPUzKXTVwWoE4aQflLiohghPOD5GDzY5KOepw==",
        "dependencies": {
          "Microsoft.AspNetCore.Authorization": "3.1.22",
          "Microsoft.AspNetCore.Components.Analyzers": "3.1.22",
          "Microsoft.JSInterop": "3.1.22",
          "System.ComponentModel.Annotations": "4.7.0"
        }
      },
      "Microsoft.Extensions.Logging": {
        "type": "Direct",
        "requested": "[3.1.22, )",
        "resolved": "3.1.22",
        "contentHash": "XgHXT5JWsfv9xg0pM/UTgtRhfcv05SieQLMHImVOGNFK6jutVmNYOilKYL9oFlmk8bSeyifYTVacigJ3FgFB3A==",
        "dependencies": {
          "Microsoft.Extensions.Configuration.Binder": "3.1.22",
          "Microsoft.Extensions.DependencyInjection": "3.1.22",
          "Microsoft.Extensions.Logging.Abstractions": "3.1.22",
          "Microsoft.Extensions.Options": "3.1.22"
        }
      },
      "Microsoft.Extensions.Logging.Abstractions": {
        "type": "Direct",
        "requested": "[3.1.22, )",
        "resolved": "3.1.22",
        "contentHash": "UktrmDqTw2wTXgPRm2dVC1I8NtlToRNf8c8Fs40upUT8g4GeCqYZFUJm2oQhS7NH+f+TWz9ePaLe06avRqVGZg=="
      },
      "Microsoft.SourceLink.GitHub": {
        "type": "Direct",
        "requested": "[1.1.1, )",
        "resolved": "1.1.1",
        "contentHash": "IaJGnOv/M7UQjRJks7B6p7pbPnOwisYGOIzqCz5ilGFTApZ3ktOR+6zJ12ZRPInulBmdAf1SrGdDG2MU8g6XTw==",
        "dependencies": {
          "Microsoft.Build.Tasks.Git": "1.1.1",
          "Microsoft.SourceLink.Common": "1.1.1"
        }
      },
      "Nerdbank.GitVersioning": {
        "type": "Direct",
        "requested": "[3.5.107, )",
        "resolved": "3.5.107",
        "contentHash": "oMWWTe9aTUJ1CwU4fpfpduqx7Hzve320PU2SUyFFDzlHXTdjEouWHtFrRbaXV4LysL0lBtlzJM/nmHm47p2KWw=="
      },
      "SonarAnalyzer.CSharp": {
        "type": "Direct",
        "requested": "[8.40.0.48530, )",
        "resolved": "8.40.0.48530",
        "contentHash": "ZxON0c0ZUF7snuaEmGWczPQ5OHyYRzCHHwZ5FlRoK4kVwqH0CawAxto8Xx8iJXb9vBX1kbVK4t14+WP4hJcuVg=="
      },
      "Microsoft.AspNetCore.Authorization": {
        "type": "Transitive",
        "resolved": "3.1.22",
        "contentHash": "sb+yyBKhb6PeMrgK1sBWD6fdb0w3oY2fbL4wYzKmioSriKMSJsSh3qnM299UAQr9eyuFwAYu26DctxudLFT4Ew==",
        "dependencies": {
          "Microsoft.AspNetCore.Metadata": "3.1.22",
          "Microsoft.Extensions.Logging.Abstractions": "3.1.22",
          "Microsoft.Extensions.Options": "3.1.22"
        }
      },
      "Microsoft.AspNetCore.Components.Analyzers": {
        "type": "Transitive",
        "resolved": "3.1.22",
        "contentHash": "ahXDN8qjypLrSu254QYaJTm0rmLZcbQDE1EoIJ9NJyTUX90d2pSSX+zCO+N3nQD2c6srzWXqHBDPBOjWtHLSYg=="
      },
      "Microsoft.AspNetCore.Metadata": {
        "type": "Transitive",
        "resolved": "3.1.22",
        "contentHash": "8Me8RAul5DZmjzpYjKLRiXfTW+56ByAtKD+u9olBj5dmLxS8Hp2jM7YG7idRcMp5lStODx8CHDE/vhF21JHcxg=="
      },
      "Microsoft.Bcl.AsyncInterfaces": {
        "type": "Transitive",
        "resolved": "1.1.0",
        "contentHash": "1Am6l4Vpn3/K32daEqZI+FFr96OlZkgwK2LcT3pZ2zWubR5zTPW3/FkO1Rat9kb7oQOa4rxgl9LJHc5tspCWfg==",
        "dependencies": {
          "System.Threading.Tasks.Extensions": "4.5.2"
        }
      },
      "Microsoft.Build.Tasks.Git": {
        "type": "Transitive",
        "resolved": "1.1.1",
        "contentHash": "AT3HlgTjsqHnWpBHSNeR0KxbLZD7bztlZVj7I8vgeYG9SYqbeFGh0TM/KVtC6fg53nrWHl3VfZFvb5BiQFcY6Q=="
      },
      "Microsoft.Extensions.Configuration": {
        "type": "Transitive",
        "resolved": "3.1.22",
        "contentHash": "pk9tfTk3NCFdKqdWIWeoGAy/wiqVk38hA9Gso3c3deRLWqu4/5Jipp0X+fzgAXlELTN9AIxkkhRePTDFjBpQfQ==",
        "dependencies": {
          "Microsoft.Extensions.Configuration.Abstractions": "3.1.22"
        }
      },
      "Microsoft.Extensions.Configuration.Abstractions": {
        "type": "Transitive",
        "resolved": "3.1.22",
        "contentHash": "znkB/7CpLNzFPFrZP0dK5dLwLt/GgrDBdBCaTQvVAPAJdA96DkhizknBC5+vn0Le8JNOoGt4QlG7WMywswkA0w==",
        "dependencies": {
          "Microsoft.Extensions.Primitives": "3.1.22"
        }
      },
      "Microsoft.Extensions.Configuration.Binder": {
        "type": "Transitive",
        "resolved": "3.1.22",
        "contentHash": "H1iZD70uzCqsX79Eza/a/Z+CkAhqGUPH7LNRCz3GJLyeFiJMTUU7rMPNUgkJ2tRxAN9f/3MTXuHpSQVikugC3g==",
        "dependencies": {
          "Microsoft.Extensions.Configuration": "3.1.22"
        }
      },
      "Microsoft.Extensions.DependencyInjection": {
        "type": "Transitive",
        "resolved": "3.1.22",
        "contentHash": "QrzfKU8te2X0ykM8XY9YzLvzTGO8qOMq45/Y2sy5gZryQqYe9CxEr0ulwG0idpL+ByK7luX7djmtT8Nv1mMaZw==",
        "dependencies": {
          "Microsoft.Extensions.DependencyInjection.Abstractions": "3.1.22"
        }
      },
      "Microsoft.Extensions.DependencyInjection.Abstractions": {
        "type": "Transitive",
        "resolved": "3.1.22",
        "contentHash": "+zBl4NrqANk4JalElpCZ3P2rQ33A3ldRCF1K7RikOuNzEWG5B2M5C+Izas7q5Ub6bFMzAvCJh5E+BtT/gTUD6Q=="
      },
      "Microsoft.Extensions.Options": {
        "type": "Transitive",
        "resolved": "3.1.22",
        "contentHash": "Cw2mcbraGpo6DantBYHyKmKp97jETED3Omivn15QKnbGfKBs4twHscBo99i/YTNmUEOpusPCeH+vDQXZuvAz5Q==",
        "dependencies": {
          "Microsoft.Extensions.DependencyInjection.Abstractions": "3.1.22",
          "Microsoft.Extensions.Primitives": "3.1.22",
          "System.ComponentModel.Annotations": "4.7.0"
        }
      },
      "Microsoft.Extensions.Primitives": {
        "type": "Transitive",
        "resolved": "3.1.22",
        "contentHash": "B5CNTMTdzVj/xMpazYcczFk3aUg/qduSfKAfUCH0gJ54NETETHaJBPy2GV6VlIeIw4UZqzXV3DroUkuHP561zg==",
        "dependencies": {
          "System.Memory": "4.5.2",
          "System.Runtime.CompilerServices.Unsafe": "4.7.1"
        }
      },
      "Microsoft.JSInterop": {
        "type": "Transitive",
        "resolved": "3.1.22",
        "contentHash": "UvAKk+Iyx4Gz/uRPrgl085xiq4kuZBuon2m3H1FD324hO3F8LaR8I3i8q5BP7HU72E1ixGiui5g3H2ClWPMsAQ==",
        "dependencies": {
          "System.Text.Json": "4.7.2"
        }
      },
      "Microsoft.SourceLink.Common": {
        "type": "Transitive",
        "resolved": "1.1.1",
        "contentHash": "WMcGpWKrmJmzrNeuaEb23bEMnbtR/vLmvZtkAP5qWu7vQsY59GqfRJd65sFpBszbd2k/bQ8cs8eWawQKAabkVg=="
      },
      "System.Buffers": {
        "type": "Transitive",
        "resolved": "4.5.1",
        "contentHash": "Rw7ijyl1qqRS0YQD/WycNst8hUUMgrMH4FCn1nNm27M4VxchZ1js3fVjQaANHO5f3sN4isvP4a+Met9Y4YomAg=="
      },
      "System.ComponentModel.Annotations": {
        "type": "Transitive",
        "resolved": "4.7.0",
        "contentHash": "0YFqjhp/mYkDGpU0Ye1GjE53HMp9UVfGN7seGpAMttAC0C40v5gw598jCgpbBLMmCo0E5YRLBv5Z2doypO49ZQ=="
      },
      "System.Memory": {
        "type": "Transitive",
        "resolved": "4.5.4",
        "contentHash": "1MbJTHS1lZ4bS4FmsJjnuGJOu88ZzTT2rLvrhW7Ygic+pC0NWA+3hgAen0HRdsocuQXCkUTdFn9yHJJhsijDXw==",
        "dependencies": {
          "System.Buffers": "4.5.1",
          "System.Numerics.Vectors": "4.4.0",
          "System.Runtime.CompilerServices.Unsafe": "4.5.3"
        }
      },
      "System.Numerics.Vectors": {
        "type": "Transitive",
        "resolved": "4.5.0",
        "contentHash": "QQTlPTl06J/iiDbJCiepZ4H//BVraReU4O4EoRw1U02H5TLUIT7xn3GnDp9AXPSlJUDyFs4uWjWafNX6WrAojQ=="
      },
      "System.Runtime.CompilerServices.Unsafe": {
        "type": "Transitive",
        "resolved": "4.7.1",
        "contentHash": "zOHkQmzPCn5zm/BH+cxC1XbUS3P4Yoi3xzW7eRgVpDR2tPGSzyMZ17Ig1iRkfJuY0nhxkQQde8pgePNiA7z7TQ=="
      },
      "System.Text.Encodings.Web": {
        "type": "Transitive",
        "resolved": "4.7.1",
        "contentHash": "3qreYFQcLnyFk1LuaNWyyWE+sfkfe5eSTaIIssYrLNUIDbgyZNQBYQSzSDo4AprpjVeVX2T4KHKii9fiSZVUow=="
      },
      "System.Text.Json": {
        "type": "Transitive",
        "resolved": "4.7.2",
        "contentHash": "TcMd95wcrubm9nHvJEQs70rC0H/8omiSGGpU4FQ/ZA1URIqD4pjmFJh2Mfv1yH1eHgJDWTi2hMDXwTET+zOOyg==",
        "dependencies": {
          "Microsoft.Bcl.AsyncInterfaces": "1.1.0",
          "System.Buffers": "4.5.1",
          "System.Memory": "4.5.4",
          "System.Numerics.Vectors": "4.5.0",
          "System.Runtime.CompilerServices.Unsafe": "4.7.1",
          "System.Text.Encodings.Web": "4.7.1",
          "System.Threading.Tasks.Extensions": "4.5.4"
        }
      },
      "System.Threading.Tasks.Extensions": {
        "type": "Transitive",
        "resolved": "4.5.4",
        "contentHash": "zteT+G8xuGu6mS+mzDzYXbzS7rd3K6Fjb9RiZlYlJPam2/hU7JCBZBVEcywNuR+oZ1ncTvc/cq0faRr3P01OVg==",
        "dependencies": {
          "System.Runtime.CompilerServices.Unsafe": "4.5.3"
        }
      }
    },
    ".NETCoreApp,Version=v5.0": {
      "AsyncFixer": {
        "type": "Direct",
        "requested": "[1.6.0, )",
        "resolved": "1.6.0",
        "contentHash": "/Xfs9H3UMfEv64cwT+C/JrTRp4w08BmPuFbj0ageadCHpx6rxYJxAU2C6sEqRFG22xmGk5cX9ewzoiiehWVHOw=="
      },
      "Meziantou.Analyzer": {
        "type": "Direct",
        "requested": "[1.0.702, )",
        "resolved": "1.0.702",
        "contentHash": "NuteVMqo6ygRNujU8/RrWahPIPm+kGopmYkROvNaEe5Lw/wfJMcUyrZlIaI0cmA4QDeKdmACjQbP41bXRGNy9w=="
      },
      "Microsoft.AspNetCore.Components": {
        "type": "Direct",
        "requested": "[5.0.0, )",
        "resolved": "5.0.0",
        "contentHash": "kfJF9EqJGzVgfEN15vWI+8g+ZhtlMAk9YO6G8lXKO9s1AxWv+Ct4OLOMO46PXyjPWWJ7X9gded9EFVFyxsdyjg==",
        "dependencies": {
          "Microsoft.AspNetCore.Authorization": "5.0.0",
          "Microsoft.AspNetCore.Components.Analyzers": "5.0.0"
        }
      },
      "Microsoft.Extensions.Logging": {
        "type": "Direct",
        "requested": "[5.0.0, )",
        "resolved": "5.0.0",
        "contentHash": "MgOwK6tPzB6YNH21wssJcw/2MKwee8b2gI7SllYfn6rvTpIrVvVS5HAjSU2vqSku1fwqRvWP0MdIi14qjd93Aw==",
        "dependencies": {
          "Microsoft.Extensions.DependencyInjection": "5.0.0",
          "Microsoft.Extensions.DependencyInjection.Abstractions": "5.0.0",
          "Microsoft.Extensions.Logging.Abstractions": "5.0.0",
          "Microsoft.Extensions.Options": "5.0.0"
        }
      },
      "Microsoft.Extensions.Logging.Abstractions": {
        "type": "Direct",
        "requested": "[5.0.0, )",
        "resolved": "5.0.0",
        "contentHash": "NxP6ahFcBnnSfwNBi2KH2Oz8Xl5Sm2krjId/jRR3I7teFphwiUoUeZPwTNA21EX+5PtjqmyAvKaOeBXcJjcH/w=="
      },
      "Microsoft.SourceLink.GitHub": {
        "type": "Direct",
        "requested": "[1.1.1, )",
        "resolved": "1.1.1",
        "contentHash": "IaJGnOv/M7UQjRJks7B6p7pbPnOwisYGOIzqCz5ilGFTApZ3ktOR+6zJ12ZRPInulBmdAf1SrGdDG2MU8g6XTw==",
        "dependencies": {
          "Microsoft.Build.Tasks.Git": "1.1.1",
          "Microsoft.SourceLink.Common": "1.1.1"
        }
      },
      "Nerdbank.GitVersioning": {
        "type": "Direct",
        "requested": "[3.5.107, )",
        "resolved": "3.5.107",
        "contentHash": "oMWWTe9aTUJ1CwU4fpfpduqx7Hzve320PU2SUyFFDzlHXTdjEouWHtFrRbaXV4LysL0lBtlzJM/nmHm47p2KWw=="
      },
      "SonarAnalyzer.CSharp": {
        "type": "Direct",
        "requested": "[8.40.0.48530, )",
        "resolved": "8.40.0.48530",
        "contentHash": "ZxON0c0ZUF7snuaEmGWczPQ5OHyYRzCHHwZ5FlRoK4kVwqH0CawAxto8Xx8iJXb9vBX1kbVK4t14+WP4hJcuVg=="
      },
      "Microsoft.AspNetCore.Authorization": {
        "type": "Transitive",
        "resolved": "5.0.0",
        "contentHash": "kNiUekkQZIgd0k8WJZVLpdaJSTgpwHT+gn9slPtON4FC8vGGsFWQo3Bd5wo363EJuxlOgszUNQBbpLAaFh1kFg==",
        "dependencies": {
          "Microsoft.AspNetCore.Metadata": "5.0.0",
          "Microsoft.Extensions.Logging.Abstractions": "5.0.0",
          "Microsoft.Extensions.Options": "5.0.0"
        }
      },
      "Microsoft.AspNetCore.Components.Analyzers": {
        "type": "Transitive",
        "resolved": "5.0.0",
        "contentHash": "G5SP+2FO90d84XB90A1NBKJaDjhkhcv3kDumd7zughGt1tNQn92sCpBoRs51LT1M1Cp4w4cD/WHS8WB8t5ol9A=="
      },
      "Microsoft.AspNetCore.Metadata": {
        "type": "Transitive",
        "resolved": "5.0.0",
        "contentHash": "Gr7YSfoYYnyiQ3+se9RjiZhj2h7I9uDn0ps1kPfxGqLbC8fzpfAzb3EPbHz0sBHtw8aBE0zyckZixmAMqHJnpA=="
      },
      "Microsoft.Build.Tasks.Git": {
        "type": "Transitive",
        "resolved": "1.1.1",
        "contentHash": "AT3HlgTjsqHnWpBHSNeR0KxbLZD7bztlZVj7I8vgeYG9SYqbeFGh0TM/KVtC6fg53nrWHl3VfZFvb5BiQFcY6Q=="
      },
      "Microsoft.Extensions.DependencyInjection": {
        "type": "Transitive",
        "resolved": "5.0.0",
        "contentHash": "Rc2kb/p3Ze6cP6rhFC3PJRdWGbLvSHZc0ev7YlyeU6FmHciDMLrhoVoTUEzKPhN5ZjFgKF1Cf5fOz8mCMIkvpA==",
        "dependencies": {
          "Microsoft.Extensions.DependencyInjection.Abstractions": "5.0.0"
        }
      },
      "Microsoft.Extensions.DependencyInjection.Abstractions": {
        "type": "Transitive",
        "resolved": "5.0.0",
        "contentHash": "ORj7Zh81gC69TyvmcUm9tSzytcy8AVousi+IVRAI8nLieQjOFryRusSFh7+aLk16FN9pQNqJAiMd7BTKINK0kA=="
      },
      "Microsoft.Extensions.Options": {
        "type": "Transitive",
        "resolved": "5.0.0",
        "contentHash": "CBvR92TCJ5uBIdd9/HzDSrxYak+0W/3+yxrNg8Qm6Bmrkh5L+nu6m3WeazQehcZ5q1/6dDA7J5YdQjim0165zg==",
        "dependencies": {
          "Microsoft.Extensions.DependencyInjection.Abstractions": "5.0.0",
          "Microsoft.Extensions.Primitives": "5.0.0"
        }
      },
      "Microsoft.Extensions.Primitives": {
        "type": "Transitive",
        "resolved": "5.0.0",
        "contentHash": "cI/VWn9G1fghXrNDagX9nYaaB/nokkZn0HYAawGaELQrl8InSezfe9OnfPZLcJq3esXxygh3hkq2c3qoV3SDyQ=="
      },
      "Microsoft.SourceLink.Common": {
        "type": "Transitive",
        "resolved": "1.1.1",
        "contentHash": "WMcGpWKrmJmzrNeuaEb23bEMnbtR/vLmvZtkAP5qWu7vQsY59GqfRJd65sFpBszbd2k/bQ8cs8eWawQKAabkVg=="
      }
    },
    "net6.0": {
      "AsyncFixer": {
        "type": "Direct",
        "requested": "[1.6.0, )",
        "resolved": "1.6.0",
        "contentHash": "/Xfs9H3UMfEv64cwT+C/JrTRp4w08BmPuFbj0ageadCHpx6rxYJxAU2C6sEqRFG22xmGk5cX9ewzoiiehWVHOw=="
      },
      "Meziantou.Analyzer": {
        "type": "Direct",
        "requested": "[1.0.702, )",
        "resolved": "1.0.702",
        "contentHash": "NuteVMqo6ygRNujU8/RrWahPIPm+kGopmYkROvNaEe5Lw/wfJMcUyrZlIaI0cmA4QDeKdmACjQbP41bXRGNy9w=="
      },
      "Microsoft.AspNetCore.Components": {
        "type": "Direct",
        "requested": "[6.0.0, )",
        "resolved": "6.0.0",
        "contentHash": "ETks/RMYyiC91P89jL9XNEwTeYlpyzt2+Z584v70h+B9//BO0cc68gAlhz3E0v/9h4NqCSHbTlopvMvj0qxnEg==",
        "dependencies": {
          "Microsoft.AspNetCore.Authorization": "6.0.0",
          "Microsoft.AspNetCore.Components.Analyzers": "6.0.0"
        }
      },
      "Microsoft.Extensions.Logging": {
        "type": "Direct",
        "requested": "[6.0.0, )",
        "resolved": "6.0.0",
        "contentHash": "eIbyj40QDg1NDz0HBW0S5f3wrLVnKWnDJ/JtZ+yJDFnDj90VoPuoPmFkeaXrtu+0cKm5GRAwoDf+dBWXK0TUdg==",
        "dependencies": {
          "Microsoft.Extensions.DependencyInjection": "6.0.0",
          "Microsoft.Extensions.DependencyInjection.Abstractions": "6.0.0",
          "Microsoft.Extensions.Logging.Abstractions": "6.0.0",
          "Microsoft.Extensions.Options": "6.0.0",
          "System.Diagnostics.DiagnosticSource": "6.0.0"
        }
      },
      "Microsoft.Extensions.Logging.Abstractions": {
        "type": "Direct",
        "requested": "[6.0.0, )",
        "resolved": "6.0.0",
        "contentHash": "/HggWBbTwy8TgebGSX5DBZ24ndhzi93sHUBDvP1IxbZD7FDokYzdAr6+vbWGjw2XAfR2EJ1sfKUotpjHnFWPxA=="
      },
      "Microsoft.SourceLink.GitHub": {
        "type": "Direct",
        "requested": "[1.1.1, )",
        "resolved": "1.1.1",
        "contentHash": "IaJGnOv/M7UQjRJks7B6p7pbPnOwisYGOIzqCz5ilGFTApZ3ktOR+6zJ12ZRPInulBmdAf1SrGdDG2MU8g6XTw==",
        "dependencies": {
          "Microsoft.Build.Tasks.Git": "1.1.1",
          "Microsoft.SourceLink.Common": "1.1.1"
        }
      },
      "Nerdbank.GitVersioning": {
        "type": "Direct",
        "requested": "[3.5.107, )",
        "resolved": "3.5.107",
        "contentHash": "oMWWTe9aTUJ1CwU4fpfpduqx7Hzve320PU2SUyFFDzlHXTdjEouWHtFrRbaXV4LysL0lBtlzJM/nmHm47p2KWw=="
      },
      "SonarAnalyzer.CSharp": {
        "type": "Direct",
        "requested": "[8.40.0.48530, )",
        "resolved": "8.40.0.48530",
        "contentHash": "ZxON0c0ZUF7snuaEmGWczPQ5OHyYRzCHHwZ5FlRoK4kVwqH0CawAxto8Xx8iJXb9vBX1kbVK4t14+WP4hJcuVg=="
      },
      "Microsoft.AspNetCore.Authorization": {
        "type": "Transitive",
        "resolved": "6.0.0",
        "contentHash": "HPEhmNwINXzGVWirzmvVxx5/GkoaQJC7vKNIbhOUTzgnRHEf2zO6S2s4lMw3TPFWBGcAlfn6Ta0cVB9f15QC8w==",
        "dependencies": {
          "Microsoft.AspNetCore.Metadata": "6.0.0",
          "Microsoft.Extensions.Logging.Abstractions": "6.0.0",
          "Microsoft.Extensions.Options": "6.0.0"
        }
      },
      "Microsoft.AspNetCore.Components.Analyzers": {
        "type": "Transitive",
        "resolved": "6.0.0",
        "contentHash": "2cpebhhUAJXYgvrePJNXzhJfM5u6MAIuu4Nho6LEjQliMtAQ6NcdtYxkezoFxqTrgT1fZR0CSYAxp7k41q6PVQ=="
      },
      "Microsoft.AspNetCore.Metadata": {
        "type": "Transitive",
        "resolved": "6.0.0",
        "contentHash": "giBCvjANLIOqC+DJ84zCkCQnE4ebRTrgVyBe5e0gG3/F8GYzdqSSdtMSAvbOkBQsf0F8dySBPSM59vX6ksOeQg=="
      },
      "Microsoft.Build.Tasks.Git": {
        "type": "Transitive",
        "resolved": "1.1.1",
        "contentHash": "AT3HlgTjsqHnWpBHSNeR0KxbLZD7bztlZVj7I8vgeYG9SYqbeFGh0TM/KVtC6fg53nrWHl3VfZFvb5BiQFcY6Q=="
      },
      "Microsoft.Extensions.DependencyInjection": {
        "type": "Transitive",
        "resolved": "6.0.0",
        "contentHash": "k6PWQMuoBDGGHOQTtyois2u4AwyVcIwL2LaSLlTZQm2CYcJ1pxbt6jfAnpWmzENA/wfrYRI/X9DTLoUkE4AsLw==",
        "dependencies": {
          "Microsoft.Extensions.DependencyInjection.Abstractions": "6.0.0",
          "System.Runtime.CompilerServices.Unsafe": "6.0.0"
        }
      },
      "Microsoft.Extensions.DependencyInjection.Abstractions": {
        "type": "Transitive",
        "resolved": "6.0.0",
        "contentHash": "xlzi2IYREJH3/m6+lUrQlujzX8wDitm4QGnUu6kUXTQAWPuZY8i+ticFJbzfqaetLA6KR/rO6Ew/HuYD+bxifg=="
      },
      "Microsoft.Extensions.Options": {
        "type": "Transitive",
        "resolved": "6.0.0",
        "contentHash": "dzXN0+V1AyjOe2xcJ86Qbo233KHuLEY0njf/P2Kw8SfJU+d45HNS2ctJdnEnrWbM9Ye2eFgaC5Mj9otRMU6IsQ==",
        "dependencies": {
          "Microsoft.Extensions.DependencyInjection.Abstractions": "6.0.0",
          "Microsoft.Extensions.Primitives": "6.0.0"
        }
      },
      "Microsoft.Extensions.Primitives": {
        "type": "Transitive",
        "resolved": "6.0.0",
        "contentHash": "9+PnzmQFfEFNR9J2aDTfJGGupShHjOuGw4VUv+JB044biSHrnmCIMD+mJHmb2H7YryrfBEXDurxQ47gJZdCKNQ==",
        "dependencies": {
          "System.Runtime.CompilerServices.Unsafe": "6.0.0"
        }
      },
      "Microsoft.SourceLink.Common": {
        "type": "Transitive",
        "resolved": "1.1.1",
        "contentHash": "WMcGpWKrmJmzrNeuaEb23bEMnbtR/vLmvZtkAP5qWu7vQsY59GqfRJd65sFpBszbd2k/bQ8cs8eWawQKAabkVg=="
      },
      "System.Diagnostics.DiagnosticSource": {
        "type": "Transitive",
        "resolved": "6.0.0",
        "contentHash": "frQDfv0rl209cKm1lnwTgFPzNigy2EKk1BS3uAvHvlBVKe5cymGyHO+Sj+NLv5VF/AhHsqPIUUwya5oV4CHMUw==",
        "dependencies": {
          "System.Runtime.CompilerServices.Unsafe": "6.0.0"
        }
      },
      "System.Runtime.CompilerServices.Unsafe": {
        "type": "Transitive",
        "resolved": "6.0.0",
        "contentHash": "/iUeP3tq1S0XdNNoMz5C9twLSrM/TH+qElHkXWaPvuNOt+99G75NrV0OS2EqHx5wMN7popYjpc8oTjC1y16DLg=="
      }
    },
    "net7.0": {
      "AsyncFixer": {
        "type": "Direct",
        "requested": "[1.6.0, )",
        "resolved": "1.6.0",
        "contentHash": "/Xfs9H3UMfEv64cwT+C/JrTRp4w08BmPuFbj0ageadCHpx6rxYJxAU2C6sEqRFG22xmGk5cX9ewzoiiehWVHOw=="
      },
      "Meziantou.Analyzer": {
        "type": "Direct",
        "requested": "[1.0.702, )",
        "resolved": "1.0.702",
        "contentHash": "NuteVMqo6ygRNujU8/RrWahPIPm+kGopmYkROvNaEe5Lw/wfJMcUyrZlIaI0cmA4QDeKdmACjQbP41bXRGNy9w=="
      },
      "Microsoft.AspNetCore.Components": {
        "type": "Direct",
        "requested": "[7.0.0-*, )",
        "resolved": "7.0.0-preview.5.22303.8",
        "contentHash": "IKb4KhxXo+vbBveOh9rChKOKBrbxOEdFffQI1uMnC7ZTwCWRvnbm4yMvVxLwqsKm4wFbU6X9KBjr4QPRhqImwQ==",
        "dependencies": {
          "Microsoft.AspNetCore.Authorization": "7.0.0-preview.5.22303.8",
          "Microsoft.AspNetCore.Components.Analyzers": "7.0.0-preview.5.22303.8"
        }
      },
      "Microsoft.Extensions.Logging": {
        "type": "Direct",
        "requested": "[7.0.0-*, )",
        "resolved": "7.0.0-preview.5.22301.12",
        "contentHash": "vMTYF9137QN0jqioLsn9Qb+tF3LTylIUt6LRQzt8lMTK4X1L1offGsb/cpxR6cFGK16MdaQeKAI+nHFI1AHNbg==",
        "dependencies": {
          "Microsoft.Extensions.DependencyInjection": "7.0.0-preview.5.22301.12",
          "Microsoft.Extensions.DependencyInjection.Abstractions": "7.0.0-preview.5.22301.12",
          "Microsoft.Extensions.Logging.Abstractions": "7.0.0-preview.5.22301.12",
          "Microsoft.Extensions.Options": "7.0.0-preview.5.22301.12"
        }
      },
      "Microsoft.Extensions.Logging.Abstractions": {
        "type": "Direct",
        "requested": "[7.0.0-*, )",
        "resolved": "7.0.0-preview.5.22301.12",
        "contentHash": "rjdq1q+UmLehZnuusvVjsYOWBNS/B9mGUE+oYs5aK/OjDhRTv/0LXZK6Y7J0t1zraikmZwalpxDn86XdNJb2Nw=="
      },
      "Microsoft.SourceLink.GitHub": {
        "type": "Direct",
        "requested": "[1.1.1, )",
        "resolved": "1.1.1",
        "contentHash": "IaJGnOv/M7UQjRJks7B6p7pbPnOwisYGOIzqCz5ilGFTApZ3ktOR+6zJ12ZRPInulBmdAf1SrGdDG2MU8g6XTw==",
        "dependencies": {
          "Microsoft.Build.Tasks.Git": "1.1.1",
          "Microsoft.SourceLink.Common": "1.1.1"
        }
      },
      "Nerdbank.GitVersioning": {
        "type": "Direct",
        "requested": "[3.5.107, )",
        "resolved": "3.5.107",
        "contentHash": "oMWWTe9aTUJ1CwU4fpfpduqx7Hzve320PU2SUyFFDzlHXTdjEouWHtFrRbaXV4LysL0lBtlzJM/nmHm47p2KWw=="
      },
      "SonarAnalyzer.CSharp": {
        "type": "Direct",
        "requested": "[8.40.0.48530, )",
        "resolved": "8.40.0.48530",
        "contentHash": "ZxON0c0ZUF7snuaEmGWczPQ5OHyYRzCHHwZ5FlRoK4kVwqH0CawAxto8Xx8iJXb9vBX1kbVK4t14+WP4hJcuVg=="
      },
      "Microsoft.AspNetCore.Authorization": {
        "type": "Transitive",
        "resolved": "7.0.0-preview.5.22303.8",
        "contentHash": "x94UImLn/QIeU+GeH0Dmwd5ta3oAymmgEyowtiCH9Mwg5dAoTDzDyhY6wiNMEBx4guchk6mR3x7zkzqe3Oq6IA==",
        "dependencies": {
          "Microsoft.AspNetCore.Metadata": "7.0.0-preview.5.22303.8",
          "Microsoft.Extensions.Logging.Abstractions": "7.0.0-preview.5.22301.12",
          "Microsoft.Extensions.Options": "7.0.0-preview.5.22301.12"
        }
      },
      "Microsoft.AspNetCore.Components.Analyzers": {
        "type": "Transitive",
        "resolved": "7.0.0-preview.5.22303.8",
        "contentHash": "qa1Kvx41CUpbHPjDpEZXPH3neqfzEDbGGorhL0i4OgD+mbgIbDUusdii7ceOukak6nN57jjYblpFlBLrgTcQVw=="
      },
      "Microsoft.AspNetCore.Metadata": {
        "type": "Transitive",
        "resolved": "7.0.0-preview.5.22303.8",
        "contentHash": "0dYGnA+Rn1gFHcLH6vrf//Hue/Y/68BEebxT8IHb0+HSdMLp08b0E/+ExKad3H7+0aF4t6OPr+s/KfcuzAz67A=="
      },
      "Microsoft.Build.Tasks.Git": {
        "type": "Transitive",
        "resolved": "1.1.1",
        "contentHash": "AT3HlgTjsqHnWpBHSNeR0KxbLZD7bztlZVj7I8vgeYG9SYqbeFGh0TM/KVtC6fg53nrWHl3VfZFvb5BiQFcY6Q=="
      },
      "Microsoft.Extensions.DependencyInjection": {
        "type": "Transitive",
        "resolved": "7.0.0-preview.5.22301.12",
        "contentHash": "flmXLNORIEe6L2vxBazOs7DVwQ98HjnYO6UPTTOQtpKtpjaqYn40hnSpv0NnKnUZL2bYcNH3kqzJBKTLt8Ykyw==",
        "dependencies": {
          "Microsoft.Extensions.DependencyInjection.Abstractions": "7.0.0-preview.5.22301.12"
        }
      },
      "Microsoft.Extensions.DependencyInjection.Abstractions": {
        "type": "Transitive",
        "resolved": "7.0.0-preview.5.22301.12",
        "contentHash": "X2nIrjzKEBMOv/o6EmXk9Cqvg26JHq8N/9ElQkMJE0COIoE+0u5384mUnauBL/aDhrXm5fjojjtR6951Q2UTkg=="
      },
      "Microsoft.Extensions.Options": {
        "type": "Transitive",
        "resolved": "7.0.0-preview.5.22301.12",
        "contentHash": "edAIsknNBWKED6BisCKw0i77VlatI1VAbZsemSoPwWYDFbzfxNLiJ0Qw60vySTaPeUQ/wfGDKPSI01UXGF4FaA==",
        "dependencies": {
          "Microsoft.Extensions.DependencyInjection.Abstractions": "7.0.0-preview.5.22301.12",
          "Microsoft.Extensions.Primitives": "7.0.0-preview.5.22301.12"
        }
      },
      "Microsoft.Extensions.Primitives": {
        "type": "Transitive",
        "resolved": "7.0.0-preview.5.22301.12",
        "contentHash": "AHg0uD5Iz3wcJkbNmKNXIGdG8GT4KjYMuLfhx8StRAL3iq869ZKyN9F16S+qm9RkhwVO2IdWfYUg02npJYALOQ=="
      },
      "Microsoft.SourceLink.Common": {
        "type": "Transitive",
        "resolved": "1.1.1",
        "contentHash": "WMcGpWKrmJmzrNeuaEb23bEMnbtR/vLmvZtkAP5qWu7vQsY59GqfRJd65sFpBszbd2k/bQ8cs8eWawQKAabkVg=="
      }
    }
  }
}