
Microsoft Visual Studio Solution File, Format Version 12.00
# Visual Studio Version 16
VisualStudioVersion = 16.0.29721.120
MinimumVisualStudioVersion = 10.0.40219.1
Project("{FAE04EC0-301F-11D3-BF4B-00C04F79EFBC}") = "AngleSharpDomWrapperGenerator", "AngleSharpDomWrapperGenerator\AngleSharpDomWrapperGenerator.csproj", "{9B9D876A-466C-4098-A049-C127F0FEE3F9}"
EndProject
Global
	GlobalSection(SolutionConfigurationPlatforms) = preSolution
		Debug|Any CPU = Debug|Any CPU
		Release|Any CPU = Release|Any CPU
	EndGlobalSection
	GlobalSection(ProjectConfigurationPlatforms) = postSolution
		{9B9D876A-466C-4098-A049-C127F0FEE3F9}.Debug|Any CPU.ActiveCfg = Debug|Any CPU
		{9B9D876A-466C-4098-A049-C127F0FEE3F9}.Debug|Any CPU.Build.0 = Debug|Any CPU
		{9B9D876A-466C-4098-A049-C127F0FEE3F9}.Release|Any CPU.ActiveCfg = Release|Any CPU
		{9B9D876A-466C-4098-A049-C127F0FEE3F9}.Release|Any CPU.Build.0 = Release|Any CPU
	EndGlobalSection
	GlobalSection(SolutionProperties) = preSolution
		HideSolutionNode = FALSE
	EndGlobalSection
	GlobalSection(ExtensibilityGlobals) = postSolution
		SolutionGuid = {571DEA33-BFA2-4397-B036-ECE759AF7CF6}
	EndGlobalSection
EndGlobal
