
Microsoft Visual Studio Solution File, Format Version 12.00
# Visual Studio Version 16
VisualStudioVersion = 16.0.29613.14
MinimumVisualStudioVersion = 10.0.40219.1
Project("{9A19103F-16F7-4668-BE54-9A1E7A4F7556}") = "SampleApp", "src\SampleApp.csproj", "{0C4F7AE0-EA8A-4ECC-9003-1CEE4412BBA7}"
EndProject
Project("{9A19103F-16F7-4668-BE54-9A1E7A4F7556}") = "SampleApp.Tests", "tests\SampleApp.Tests.csproj", "{04F6D258-F69C-4BB5-87C5-3813C3CE33D8}"
EndProject
Project("{9A19103F-16F7-4668-BE54-9A1E7A4F7556}") = "bunit", "..\src\bunit.csproj", "{CCD48527-4741-446F-8D99-E8C1F8A31336}"
EndProject
Global
	GlobalSection(SolutionConfigurationPlatforms) = preSolution
		Debug|Any CPU = Debug|Any CPU
		Release|Any CPU = Release|Any CPU
	EndGlobalSection
	GlobalSection(ProjectConfigurationPlatforms) = postSolution
		{0C4F7AE0-EA8A-4ECC-9003-1CEE4412BBA7}.Debug|Any CPU.ActiveCfg = Debug|Any CPU
		{0C4F7AE0-EA8A-4ECC-9003-1CEE4412BBA7}.Debug|Any CPU.Build.0 = Debug|Any CPU
		{0C4F7AE0-EA8A-4ECC-9003-1CEE4412BBA7}.Release|Any CPU.ActiveCfg = Release|Any CPU
		{0C4F7AE0-EA8A-4ECC-9003-1CEE4412BBA7}.Release|Any CPU.Build.0 = Release|Any CPU
		{04F6D258-F69C-4BB5-87C5-3813C3CE33D8}.Debug|Any CPU.ActiveCfg = Debug|Any CPU
		{04F6D258-F69C-4BB5-87C5-3813C3CE33D8}.Debug|Any CPU.Build.0 = Debug|Any CPU
		{04F6D258-F69C-4BB5-87C5-3813C3CE33D8}.Release|Any CPU.ActiveCfg = Release|Any CPU
		{04F6D258-F69C-4BB5-87C5-3813C3CE33D8}.Release|Any CPU.Build.0 = Release|Any CPU
		{CCD48527-4741-446F-8D99-E8C1F8A31336}.Debug|Any CPU.ActiveCfg = Debug|Any CPU
		{CCD48527-4741-446F-8D99-E8C1F8A31336}.Debug|Any CPU.Build.0 = Debug|Any CPU
		{CCD48527-4741-446F-8D99-E8C1F8A31336}.Release|Any CPU.ActiveCfg = Release|Any CPU
		{CCD48527-4741-446F-8D99-E8C1F8A31336}.Release|Any CPU.Build.0 = Release|Any CPU
	EndGlobalSection
	GlobalSection(SolutionProperties) = preSolution
		HideSolutionNode = FALSE
	EndGlobalSection
	GlobalSection(ExtensibilityGlobals) = postSolution
		SolutionGuid = {FBE5B0F6-5496-4BC5-BB38-CF16799DCF93}
	EndGlobalSection
EndGlobal
