
Microsoft Visual Studio Solution File, Format Version 12.00
# Visual Studio Version 16
VisualStudioVersion = 16.0.29123.89
MinimumVisualStudioVersion = 10.0.40219.1
Project("{2150E333-8FDC-42A3-9474-1A3956D46DE8}") = "Solution Items", "Solution Items", "{A5D7B605-02D8-468C-9BDF-864CF93B12F9}"
	ProjectSection(SolutionItems) = preProject
		.editorconfig = .editorconfig
		..\CHANGELOG.md = ..\CHANGELOG.md
		Directory.Build.props = Directory.Build.props
		..\README.md = ..\README.md
	EndProjectSection
EndProject
Project("{9A19103F-16F7-4668-BE54-9A1E7A4F7556}") = "bunit.core", "bunit.core\bunit.core.csproj", "{71DBF9FC-335C-401F-A58F-74F7F77FEA70}"
EndProject
Project("{9A19103F-16F7-4668-BE54-9A1E7A4F7556}") = "bunit.web", "bunit.web\bunit.web.csproj", "{E185ED8D-2FF9-43DB-BD4E-6E231FAE548C}"
EndProject
Project("{9A19103F-16F7-4668-BE54-9A1E7A4F7556}") = "bunit.xunit", "bunit.xunit\bunit.xunit.csproj", "{BDDCA2C4-8806-4934-B375-587D47C2D86B}"
EndProject
Project("{9A19103F-16F7-4668-BE54-9A1E7A4F7556}") = "bunit.web.tests", "bunit.web.tests\bunit.web.tests.csproj", "{DF5AE294-A157-4B29-9F12-828751E6191F}"
EndProject
Project("{9A19103F-16F7-4668-BE54-9A1E7A4F7556}") = "bunit.nunit", "bunit.nunit\bunit.nunit.csproj", "{397ADFEE-F0FA-4800-B00E-24C6B3C433A9}"
EndProject
Project("{9A19103F-16F7-4668-BE54-9A1E7A4F7556}") = "bunit.core.tests", "bunit.core.tests\bunit.core.tests.csproj", "{97EB6F7C-DC27-4758-9753-5F754365D45C}"
EndProject
Project("{FAE04EC0-301F-11D3-BF4B-00C04F79EFBC}") = "bunit.xunit.tests", "bunit.xunit.tests\bunit.xunit.tests.csproj", "{3A7FF122-CC46-44B1-8961-5B5C89D4E9B0}"
EndProject
Project("{FAE04EC0-301F-11D3-BF4B-00C04F79EFBC}") = "bunit.testassets", "bunit.testassets\bunit.testassets.csproj", "{797E5586-8F42-4EC6-A70A-F99BAC747AE7}"
EndProject
Global
	GlobalSection(SolutionConfigurationPlatforms) = preSolution
		Debug|Any CPU = Debug|Any CPU
		Release|Any CPU = Release|Any CPU
	EndGlobalSection
	GlobalSection(ProjectConfigurationPlatforms) = postSolution
		{71DBF9FC-335C-401F-A58F-74F7F77FEA70}.Debug|Any CPU.ActiveCfg = Debug|Any CPU
		{71DBF9FC-335C-401F-A58F-74F7F77FEA70}.Debug|Any CPU.Build.0 = Debug|Any CPU
		{71DBF9FC-335C-401F-A58F-74F7F77FEA70}.Release|Any CPU.ActiveCfg = Release|Any CPU
		{71DBF9FC-335C-401F-A58F-74F7F77FEA70}.Release|Any CPU.Build.0 = Release|Any CPU
		{E185ED8D-2FF9-43DB-BD4E-6E231FAE548C}.Debug|Any CPU.ActiveCfg = Debug|Any CPU
		{E185ED8D-2FF9-43DB-BD4E-6E231FAE548C}.Debug|Any CPU.Build.0 = Debug|Any CPU
		{E185ED8D-2FF9-43DB-BD4E-6E231FAE548C}.Release|Any CPU.ActiveCfg = Release|Any CPU
		{E185ED8D-2FF9-43DB-BD4E-6E231FAE548C}.Release|Any CPU.Build.0 = Release|Any CPU
		{BDDCA2C4-8806-4934-B375-587D47C2D86B}.Debug|Any CPU.ActiveCfg = Debug|Any CPU
		{BDDCA2C4-8806-4934-B375-587D47C2D86B}.Debug|Any CPU.Build.0 = Debug|Any CPU
		{BDDCA2C4-8806-4934-B375-587D47C2D86B}.Release|Any CPU.ActiveCfg = Release|Any CPU
		{BDDCA2C4-8806-4934-B375-587D47C2D86B}.Release|Any CPU.Build.0 = Release|Any CPU
		{DF5AE294-A157-4B29-9F12-828751E6191F}.Debug|Any CPU.ActiveCfg = Debug|Any CPU
		{DF5AE294-A157-4B29-9F12-828751E6191F}.Debug|Any CPU.Build.0 = Debug|Any CPU
		{DF5AE294-A157-4B29-9F12-828751E6191F}.Release|Any CPU.ActiveCfg = Release|Any CPU
		{DF5AE294-A157-4B29-9F12-828751E6191F}.Release|Any CPU.Build.0 = Release|Any CPU
		{397ADFEE-F0FA-4800-B00E-24C6B3C433A9}.Debug|Any CPU.ActiveCfg = Debug|Any CPU
		{397ADFEE-F0FA-4800-B00E-24C6B3C433A9}.Debug|Any CPU.Build.0 = Debug|Any CPU
		{397ADFEE-F0FA-4800-B00E-24C6B3C433A9}.Release|Any CPU.ActiveCfg = Release|Any CPU
		{397ADFEE-F0FA-4800-B00E-24C6B3C433A9}.Release|Any CPU.Build.0 = Release|Any CPU
		{97EB6F7C-DC27-4758-9753-5F754365D45C}.Debug|Any CPU.ActiveCfg = Debug|Any CPU
		{97EB6F7C-DC27-4758-9753-5F754365D45C}.Debug|Any CPU.Build.0 = Debug|Any CPU
		{97EB6F7C-DC27-4758-9753-5F754365D45C}.Release|Any CPU.ActiveCfg = Release|Any CPU
		{97EB6F7C-DC27-4758-9753-5F754365D45C}.Release|Any CPU.Build.0 = Release|Any CPU
		{3A7FF122-CC46-44B1-8961-5B5C89D4E9B0}.Debug|Any CPU.ActiveCfg = Debug|Any CPU
		{3A7FF122-CC46-44B1-8961-5B5C89D4E9B0}.Debug|Any CPU.Build.0 = Debug|Any CPU
		{3A7FF122-CC46-44B1-8961-5B5C89D4E9B0}.Release|Any CPU.ActiveCfg = Release|Any CPU
		{3A7FF122-CC46-44B1-8961-5B5C89D4E9B0}.Release|Any CPU.Build.0 = Release|Any CPU
		{797E5586-8F42-4EC6-A70A-F99BAC747AE7}.Debug|Any CPU.ActiveCfg = Debug|Any CPU
		{797E5586-8F42-4EC6-A70A-F99BAC747AE7}.Debug|Any CPU.Build.0 = Debug|Any CPU
		{797E5586-8F42-4EC6-A70A-F99BAC747AE7}.Release|Any CPU.ActiveCfg = Release|Any CPU
		{797E5586-8F42-4EC6-A70A-F99BAC747AE7}.Release|Any CPU.Build.0 = Release|Any CPU
	EndGlobalSection
	GlobalSection(SolutionProperties) = preSolution
		HideSolutionNode = FALSE
	EndGlobalSection
	GlobalSection(ExtensibilityGlobals) = postSolution
		SolutionGuid = {24106918-1C86-4769-BDA6-9C80E64CD260}
	EndGlobalSection
EndGlobal
